{
	"name": "module-1",
	"version": "1.0.0",
	"lockfileVersion": 2,
	"requires": true,
	"packages": {
		"": {
			"name": "module-1",
			"version": "1.0.0",
			"license": "ISC",
			"dependencies": {
				"vue": "~2.6.11"
			}
		},
		"node_modules/vue": {
			"version": "2.6.14",
			"resolved": "http://npm.midea.com:8090/repository/npm-public/vue/-/vue-2.6.14.tgz",
			"integrity": "sha512-x2284lgYvjOMj3Za7kqzRcUSxBboHqtgRE2zlos1qWaOye5yUmHn42LB1250NJBLRwEcdrB0JRwyPTEPhfQjiQ==",
			"license": "MIT"
		}
	},
	"dependencies": {
		"vue": {
			"version": "2.6.14",
			"resolved": "http://npm.midea.com:8090/repository/npm-public/vue/-/vue-2.6.14.tgz",
			"integrity": "sha512-x2284lgYvjOMj3Za7kqzRcUSxBboHqtgRE2zlos1qWaOye5yUmHn42LB1250NJBLRwEcdrB0JRwyPTEPhfQjiQ=="
		}
	}
}
